
Microsoft Visual Studio Solution File, Format Version 12.00
# Visual Studio 2012
Project("{FAE04EC0-301F-11D3-BF4B-00C04F79EFBC}") = "Platformer2", "Platformer2\Platformer2.csproj", "{BD089DB9-F171-4494-B309-5344F078A696}"
EndProject
Global
	GlobalSection(SolutionConfigurationPlatforms) = preSolution
		Debug|x86 = Debug|x86
		Release|x86 = Release|x86
	EndGlobalSection
	GlobalSection(ProjectConfigurationPlatforms) = postSolution
		{BD089DB9-F171-4494-B309-5344F078A696}.Debug|x86.ActiveCfg = Debug|x86
		{BD089DB9-F171-4494-B309-5344F078A696}.Debug|x86.Build.0 = Debug|x86
		{BD089DB9-F171-4494-B309-5344F078A696}.Release|x86.ActiveCfg = Release|x86
		{BD089DB9-F171-4494-B309-5344F078A696}.Release|x86.Build.0 = Release|x86
	EndGlobalSection
EndGlobal
